
Microsoft Visual Studio Solution File, Format Version 12.00
# Visual Studio Version 17
VisualStudioVersion = 17.7.34202.233
MinimumVisualStudioVersion = 10.0.40219.1
Project("{9A19103F-16F7-4668-BE54-9A1E7A4F7556}") = "NetBanking", "NetBanking\NetBanking.csproj", "{4E9223FB-8694-471E-B918-7FB03D5062D0}"
EndProject
Project("{2150E333-8FDC-42A3-9474-1A3956D46DE8}") = "Source", "Source", "{F5B7CD6C-BEFE-49DB-AB8B-58B48059D716}"
EndProject
Project("{2150E333-8FDC-42A3-9474-1A3956D46DE8}") = "Core", "Core", "{0F95AA0D-427A-496C-BB19-9FA161B1404C}"
EndProject
Project("{2150E333-8FDC-42A3-9474-1A3956D46DE8}") = "Infraestructure", "Infraestructure", "{C15986D4-E049-4E73-ADB2-9F01FDA6F846}"
EndProject
Project("{2150E333-8FDC-42A3-9474-1A3956D46DE8}") = "Presentation", "Presentation", "{C759F50C-C391-4B5E-82F0-792CF6B61919}"
EndProject
Project("{2150E333-8FDC-42A3-9474-1A3956D46DE8}") = "WebApp", "WebApp", "{9D9ECBFE-617D-44E7-A4EB-C8532E79D3F3}"
EndProject
Project("{9A19103F-16F7-4668-BE54-9A1E7A4F7556}") = "NetBanking.Core.Application", "NetBanking.Core.Application\NetBanking.Core.Application.csproj", "{2EE0A345-42A5-4A25-B9F8-96BBA6875EDD}"
EndProject
Project("{9A19103F-16F7-4668-BE54-9A1E7A4F7556}") = "NetBanking.Core.Domain", "NetBanking.Core.Domain\NetBanking.Core.Domain.csproj", "{BDCDE918-93AB-4A1E-93F9-EDBAAD53810F}"
EndProject
Project("{9A19103F-16F7-4668-BE54-9A1E7A4F7556}") = "NetBanking.Infrastructure.Persistence", "NetBanking.Infrastructure.Persistence\NetBanking.Infrastructure.Persistence.csproj", "{4E5A6117-F832-4EEC-97B3-CE1662D06314}"
EndProject
Project("{9A19103F-16F7-4668-BE54-9A1E7A4F7556}") = "NetBanking.Infrastructure.Identity", "NetBanking.Infrastructure.Identity\NetBanking.Infrastructure.Identity.csproj", "{E60D70A1-DCAE-4A86-96C4-1994BB1DCB4B}"
EndProject
Project("{9A19103F-16F7-4668-BE54-9A1E7A4F7556}") = "NetBanking.Infrastructure.Shared", "NetBanking.Infrastructure.Shared\NetBanking.Infrastructure.Shared.csproj", "{2109A568-FA9A-4527-BFDB-37EF0EDB34D8}"
EndProject
Global
	GlobalSection(SolutionConfigurationPlatforms) = preSolution
		Debug|Any CPU = Debug|Any CPU
		Release|Any CPU = Release|Any CPU
	EndGlobalSection
	GlobalSection(ProjectConfigurationPlatforms) = postSolution
		{4E9223FB-8694-471E-B918-7FB03D5062D0}.Debug|Any CPU.ActiveCfg = Debug|Any CPU
		{4E9223FB-8694-471E-B918-7FB03D5062D0}.Debug|Any CPU.Build.0 = Debug|Any CPU
		{4E9223FB-8694-471E-B918-7FB03D5062D0}.Release|Any CPU.ActiveCfg = Release|Any CPU
		{4E9223FB-8694-471E-B918-7FB03D5062D0}.Release|Any CPU.Build.0 = Release|Any CPU
		{2EE0A345-42A5-4A25-B9F8-96BBA6875EDD}.Debug|Any CPU.ActiveCfg = Debug|Any CPU
		{2EE0A345-42A5-4A25-B9F8-96BBA6875EDD}.Debug|Any CPU.Build.0 = Debug|Any CPU
		{2EE0A345-42A5-4A25-B9F8-96BBA6875EDD}.Release|Any CPU.ActiveCfg = Release|Any CPU
		{2EE0A345-42A5-4A25-B9F8-96BBA6875EDD}.Release|Any CPU.Build.0 = Release|Any CPU
		{BDCDE918-93AB-4A1E-93F9-EDBAAD53810F}.Debug|Any CPU.ActiveCfg = Debug|Any CPU
		{BDCDE918-93AB-4A1E-93F9-EDBAAD53810F}.Debug|Any CPU.Build.0 = Debug|Any CPU
		{BDCDE918-93AB-4A1E-93F9-EDBAAD53810F}.Release|Any CPU.ActiveCfg = Release|Any CPU
		{BDCDE918-93AB-4A1E-93F9-EDBAAD53810F}.Release|Any CPU.Build.0 = Release|Any CPU
		{4E5A6117-F832-4EEC-97B3-CE1662D06314}.Debug|Any CPU.ActiveCfg = Debug|Any CPU
		{4E5A6117-F832-4EEC-97B3-CE1662D06314}.Debug|Any CPU.Build.0 = Debug|Any CPU
		{4E5A6117-F832-4EEC-97B3-CE1662D06314}.Release|Any CPU.ActiveCfg = Release|Any CPU
		{4E5A6117-F832-4EEC-97B3-CE1662D06314}.Release|Any CPU.Build.0 = Release|Any CPU
		{E60D70A1-DCAE-4A86-96C4-1994BB1DCB4B}.Debug|Any CPU.ActiveCfg = Debug|Any CPU
		{E60D70A1-DCAE-4A86-96C4-1994BB1DCB4B}.Debug|Any CPU.Build.0 = Debug|Any CPU
		{E60D70A1-DCAE-4A86-96C4-1994BB1DCB4B}.Release|Any CPU.ActiveCfg = Release|Any CPU
		{E60D70A1-DCAE-4A86-96C4-1994BB1DCB4B}.Release|Any CPU.Build.0 = Release|Any CPU
		{2109A568-FA9A-4527-BFDB-37EF0EDB34D8}.Debug|Any CPU.ActiveCfg = Debug|Any CPU
		{2109A568-FA9A-4527-BFDB-37EF0EDB34D8}.Debug|Any CPU.Build.0 = Debug|Any CPU
		{2109A568-FA9A-4527-BFDB-37EF0EDB34D8}.Release|Any CPU.ActiveCfg = Release|Any CPU
		{2109A568-FA9A-4527-BFDB-37EF0EDB34D8}.Release|Any CPU.Build.0 = Release|Any CPU
	EndGlobalSection
	GlobalSection(SolutionProperties) = preSolution
		HideSolutionNode = FALSE
	EndGlobalSection
	GlobalSection(NestedProjects) = preSolution
		{4E9223FB-8694-471E-B918-7FB03D5062D0} = {9D9ECBFE-617D-44E7-A4EB-C8532E79D3F3}
		{0F95AA0D-427A-496C-BB19-9FA161B1404C} = {F5B7CD6C-BEFE-49DB-AB8B-58B48059D716}
		{C15986D4-E049-4E73-ADB2-9F01FDA6F846} = {F5B7CD6C-BEFE-49DB-AB8B-58B48059D716}
		{C759F50C-C391-4B5E-82F0-792CF6B61919} = {F5B7CD6C-BEFE-49DB-AB8B-58B48059D716}
		{9D9ECBFE-617D-44E7-A4EB-C8532E79D3F3} = {C759F50C-C391-4B5E-82F0-792CF6B61919}
		{2EE0A345-42A5-4A25-B9F8-96BBA6875EDD} = {0F95AA0D-427A-496C-BB19-9FA161B1404C}
		{BDCDE918-93AB-4A1E-93F9-EDBAAD53810F} = {0F95AA0D-427A-496C-BB19-9FA161B1404C}
		{4E5A6117-F832-4EEC-97B3-CE1662D06314} = {C15986D4-E049-4E73-ADB2-9F01FDA6F846}
		{E60D70A1-DCAE-4A86-96C4-1994BB1DCB4B} = {C15986D4-E049-4E73-ADB2-9F01FDA6F846}
		{2109A568-FA9A-4527-BFDB-37EF0EDB34D8} = {C15986D4-E049-4E73-ADB2-9F01FDA6F846}
	EndGlobalSection
	GlobalSection(ExtensibilityGlobals) = postSolution
		SolutionGuid = {1F9D73DC-F178-45BD-9FC1-C1BE59A9E76A}
	EndGlobalSection
EndGlobal
